Microsoft Visual Studio Solution File, Format Version 12.00
# Visual Studio Version 17
VisualStudioVersion = 17.5.2.0
MinimumVisualStudioVersion = 10.0.40219.1
Project("{FAE04EC0-301F-11D3-BF4B-00C04F79EFBC}") = "blackhole", "blackhole.csproj", "{A1B690AA-F298-5E5A-E7F9-A26A4A3209FE}"
EndProject
Global
	GlobalSection(SolutionConfigurationPlatforms) = preSolution
		Debug|Any CPU = Debug|Any CPU
		Release|Any CPU = Release|Any CPU
	EndGlobalSection
	GlobalSection(ProjectConfigurationPlatforms) = postSolution
		{A1B690AA-F298-5E5A-E7F9-A26A4A3209FE}.Debug|Any CPU.ActiveCfg = Debug|Any CPU
		{A1B690AA-F298-5E5A-E7F9-A26A4A3209FE}.Debug|Any CPU.Build.0 = Debug|Any CPU
		{A1B690AA-F298-5E5A-E7F9-A26A4A3209FE}.Release|Any CPU.ActiveCfg = Release|Any CPU
		{A1B690AA-F298-5E5A-E7F9-A26A4A3209FE}.Release|Any CPU.Build.0 = Release|Any CPU
	EndGlobalSection
	GlobalSection(SolutionProperties) = preSolution
		HideSolutionNode = FALSE
	EndGlobalSection
	GlobalSection(ExtensibilityGlobals) = postSolution
		SolutionGuid = {0E0AB46D-CD72-4036-9E58-13A0066737CC}
	EndGlobalSection
EndGlobal
